Microsoft Visual Studio Solution File, Format Version 12.00
# Visual Studio 2012
Project("{FAE04EC0-301F-11D3-BF4B-00C04F79EFBC}") = "boba boat cat gato game thing title", "boba boat cat gato game thing title.csproj", "{4FDCBD6A-6BCF-4D95-AC85-F4025F35C3EA}"
EndProject
Global
	GlobalSection(SolutionConfigurationPlatforms) = preSolution
	Debug|Any CPU = Debug|Any CPU
	ExportDebug|Any CPU = ExportDebug|Any CPU
	ExportRelease|Any CPU = ExportRelease|Any CPU
	EndGlobalSection
	GlobalSection(ProjectConfigurationPlatforms) = postSolution
		{4FDCBD6A-6BCF-4D95-AC85-F4025F35C3EA}.Debug|Any CPU.ActiveCfg = Debug|Any CPU
		{4FDCBD6A-6BCF-4D95-AC85-F4025F35C3EA}.Debug|Any CPU.Build.0 = Debug|Any CPU
		{4FDCBD6A-6BCF-4D95-AC85-F4025F35C3EA}.ExportDebug|Any CPU.ActiveCfg = ExportDebug|Any CPU
		{4FDCBD6A-6BCF-4D95-AC85-F4025F35C3EA}.ExportDebug|Any CPU.Build.0 = ExportDebug|Any CPU
		{4FDCBD6A-6BCF-4D95-AC85-F4025F35C3EA}.ExportRelease|Any CPU.ActiveCfg = ExportRelease|Any CPU
		{4FDCBD6A-6BCF-4D95-AC85-F4025F35C3EA}.ExportRelease|Any CPU.Build.0 = ExportRelease|Any CPU
	EndGlobalSection
EndGlobal
